// !$*UTF8*$!
{
	archiveVersion = 1;
	classes = {
	};
	objectVersion = 55;
	objects = {

/* Begin PBXBuildFile section */
		220955D4279C5CBE00509B9C /* AppDelegate.swift in Sources */ = {isa = PBXBuildFile; fileRef = 220955D3279C5CBE00509B9C /* AppDelegate.swift */; };
		220955D6279C5CBE00509B9C /* SceneDelegate.swift in Sources */ = {isa = PBXBuildFile; fileRef = 220955D5279C5CBE00509B9C /* SceneDelegate.swift */; };
		220955D8279C5CBE00509B9C /* ViewController.swift in Sources */ = {isa = PBXBuildFile; fileRef = 220955D7279C5CBE00509B9C /* ViewController.swift */; };
		220955DB279C5CBE00509B9C /* Main.storyboard in Resources */ = {isa = PBXBuildFile; fileRef = 220955D9279C5CBE00509B9C /* Main.storyboard */; };
		220955DD279C5CBF00509B9C /* Assets.xcassets in Resources */ = {isa = PBXBuildFile; fileRef = 220955DC279C5CBF00509B9C /* Assets.xcassets */; };
		220955E0279C5CBF00509B9C /* LaunchScreen.storyboard in Resources */ = {isa = PBXBuildFile; fileRef = 220955DE279C5CBF00509B9C /* LaunchScreen.storyboard */; };
		220955E9279C65DB00509B9C /* Utils.swift in Sources */ = {isa = PBXBuildFile; fileRef = 220955E8279C65DB00509B9C /* Utils.swift */; };
		220955F0279C779400509B9C /* TextFieldView.swift in Sources */ = {isa = PBXBuildFile; fileRef = 220955EF279C779400509B9C /* TextFieldView.swift */; };
		225C034F279F232800032583 /* AuthorViewController.swift in Sources */ = {isa = PBXBuildFile; fileRef = 225C034E279F232800032583 /* AuthorViewController.swift */; };
		22BA2CC0279DE3F300443313 /* DetailsViewController.swift in Sources */ = {isa = PBXBuildFile; fileRef = 22BA2CBF279DE3F300443313 /* DetailsViewController.swift */; };
		22D1DDA5279C99F300E39EE4 /* SignUpViewController.swift in Sources */ = {isa = PBXBuildFile; fileRef = 22D1DDA4279C99F300E39EE4 /* SignUpViewController.swift */; };
		22E63B9E279CB9A200344766 /* HomeViewController.swift in Sources */ = {isa = PBXBuildFile; fileRef = 22E63B9D279CB9A200344766 /* HomeViewController.swift */; };
		22E63BA0279CD32600344766 /* Objects.swift in Sources */ = {isa = PBXBuildFile; fileRef = 22E63B9F279CD32600344766 /* Objects.swift */; };
		22E63BA6279CE41000344766 /* LibroTableViewCell.swift in Sources */ = {isa = PBXBuildFile; fileRef = 22E63BA5279CE41000344766 /* LibroTableViewCell.swift */; };
/* End PBXBuildFile section */

/* Begin PBXFileReference section */
		220955D0279C5CBD00509B9C /* AppLibros.app */ = {isa = PBXFileReference; explicitFileType = wrapper.application; includeInIndex = 0; path = AppLibros.app; sourceTree = BUILT_PRODUCTS_DIR; };
		220955D3279C5CBE00509B9C /* AppDelegate.swift */ = {isa = PBXFileReference; lastKnownFileType = sourcecode.swift; path = AppDelegate.swift; sourceTree = "<group>"; };
		220955D5279C5CBE00509B9C /* SceneDelegate.swift */ = {isa = PBXFileReference; lastKnownFileType = sourcecode.swift; path = SceneDelegate.swift; sourceTree = "<group>"; };
		220955D7279C5CBE00509B9C /* ViewController.swift */ = {isa = PBXFileReference; lastKnownFileType = sourcecode.swift; path = ViewController.swift; sourceTree = "<group>"; };
		220955DA279C5CBE00509B9C /* Base */ = {isa = PBXFileReference; lastKnownFileType = file.storyboard; name = Base; path = Base.lproj/Main.storyboard; sourceTree = "<group>"; };
		220955DC279C5CBF00509B9C /* Assets.xcassets */ = {isa = PBXFileReference; lastKnownFileType = folder.assetcatalog; path = Assets.xcassets; sourceTree = "<group>"; };
		220955DF279C5CBF00509B9C /* Base */ = {isa = PBXFileReference; lastKnownFileType = file.storyboard; name = Base; path = Base.lproj/LaunchScreen.storyboard; sourceTree = "<group>"; };
		220955E1279C5CBF00509B9C /* Info.plist */ = {isa = PBXFileReference; lastKnownFileType = text.plist.xml; path = Info.plist; sourceTree = "<group>"; };
		220955E8279C65DB00509B9C /* Utils.swift */ = {isa = PBXFileReference; lastKnownFileType = sourcecode.swift; path = Utils.swift; sourceTree = "<group>"; };
		220955EF279C779400509B9C /* TextFieldView.swift */ = {isa = PBXFileReference; lastKnownFileType = sourcecode.swift; path = TextFieldView.swift; sourceTree = "<group>"; };
		225C034E279F232800032583 /* AuthorViewController.swift */ = {isa = PBXFileReference; lastKnownFileType = sourcecode.swift; path = AuthorViewController.swift; sourceTree = "<group>"; };
		22BA2CBF279DE3F300443313 /* DetailsViewController.swift */ = {isa = PBXFileReference; lastKnownFileType = sourcecode.swift; path = DetailsViewController.swift; sourceTree = "<group>"; };
		22D1DDA4279C99F300E39EE4 /* SignUpViewController.swift */ = {isa = PBXFileReference; lastKnownFileType = sourcecode.swift; path = SignUpViewController.swift; sourceTree = "<group>"; };
		22E63B9D279CB9A200344766 /* HomeViewController.swift */ = {isa = PBXFileReference; lastKnownFileType = sourcecode.swift; path = HomeViewController.swift; sourceTree = "<group>"; };
		22E63B9F279CD32600344766 /* Objects.swift */ = {isa = PBXFileReference; lastKnownFileType = sourcecode.swift; path = Objects.swift; sourceTree = "<group>"; };
		22E63BA5279CE41000344766 /* LibroTableViewCell.swift */ = {isa = PBXFileReference; lastKnownFileType = sourcecode.swift; path = LibroTableViewCell.swift; sourceTree = "<group>"; };
/* End PBXFileReference section */

/* Begin PBXFrameworksBuildPhase section */
		220955CD279C5CBD00509B9C /* Frameworks */ = {
			isa = PBXFrameworksBuildPhase;
			buildActionMask = 2147483647;
			files = (
			);
			runOnlyForDeploymentPostprocessing = 0;
		};
/* End PBXFrameworksBuildPhase section */

/* Begin PBXGroup section */
		220955C7279C5CBD00509B9C = {
			isa = PBXGroup;
			children = (
				220955D2279C5CBD00509B9C /* AppLibros */,
				220955D1279C5CBD00509B9C /* Products */,
			);
			sourceTree = "<group>";
		};
		220955D1279C5CBD00509B9C /* Products */ = {
			isa = PBXGroup;
			children = (
				220955D0279C5CBD00509B9C /* AppLibros.app */,
			);
			name = Products;
			sourceTree = "<group>";
		};
		220955D2279C5CBD00509B9C /* AppLibros */ = {
			isa = PBXGroup;
			children = (
				22D1DDA3279C994C00E39EE4 /* Details */,
				22D1DDA2279C993700E39EE4 /* Home */,
				22D1DDA1279C993200E39EE4 /* Signup */,
				220955EC279C752300509B9C /* Subviews */,
				220955E7279C65CF00509B9C /* Utils */,
				220955D3279C5CBE00509B9C /* AppDelegate.swift */,
				220955D5279C5CBE00509B9C /* SceneDelegate.swift */,
				220955D7279C5CBE00509B9C /* ViewController.swift */,
				220955D9279C5CBE00509B9C /* Main.storyboard */,
				220955DC279C5CBF00509B9C /* Assets.xcassets */,
				220955DE279C5CBF00509B9C /* LaunchScreen.storyboard */,
				220955E1279C5CBF00509B9C /* Info.plist */,
			);
			path = AppLibros;
			sourceTree = "<group>";
		};
		220955E7279C65CF00509B9C /* Utils */ = {
			isa = PBXGroup;
			children = (
				220955E8279C65DB00509B9C /* Utils.swift */,
			);
			path = Utils;
			sourceTree = "<group>";
		};
		220955EC279C752300509B9C /* Subviews */ = {
			isa = PBXGroup;
			children = (
				220955EF279C779400509B9C /* TextFieldView.swift */,
				22E63BA5279CE41000344766 /* LibroTableViewCell.swift */,
			);
			path = Subviews;
			sourceTree = "<group>";
		};
		22D1DDA1279C993200E39EE4 /* Signup */ = {
			isa = PBXGroup;
			children = (
				22D1DDA4279C99F300E39EE4 /* SignUpViewController.swift */,
			);
			path = Signup;
			sourceTree = "<group>";
		};
		22D1DDA2279C993700E39EE4 /* Home */ = {
			isa = PBXGroup;
			children = (
				22E63B9D279CB9A200344766 /* HomeViewController.swift */,
				22E63B9F279CD32600344766 /* Objects.swift */,
			);
			path = Home;
			sourceTree = "<group>";
		};
		22D1DDA3279C994C00E39EE4 /* Details */ = {
			isa = PBXGroup;
			children = (
				22BA2CBF279DE3F300443313 /* DetailsViewController.swift */,
				225C034E279F232800032583 /* AuthorViewController.swift */,
			);
			path = Details;
			sourceTree = "<group>";
		};
/* End PBXGroup section */

/* Begin PBXNativeTarget section */
		220955CF279C5CBD00509B9C /* AppLibros */ = {
			isa = PBXNativeTarget;
			buildConfigurationList = 220955E4279C5CBF00509B9C /* Build configuration list for PBXNativeTarget "AppLibros" */;
			buildPhases = (
				220955CC279C5CBD00509B9C /* Sources */,
				220955CD279C5CBD00509B9C /* Frameworks */,
				220955CE279C5CBD00509B9C /* Resources */,
			);
			buildRules = (
			);
			dependencies = (
			);
			name = AppLibros;
			productName = AppLibros;
			productReference = 220955D0279C5CBD00509B9C /* AppLibros.app */;
			productType = "com.apple.product-type.application";
		};
/* End PBXNativeTarget section */

/* Begin PBXProject section */
		220955C8279C5CBD00509B9C /* Project object */ = {
			isa = PBXProject;
			attributes = {
				BuildIndependentTargetsInParallel = 1;
				LastSwiftUpdateCheck = 1320;
				LastUpgradeCheck = 1320;
				TargetAttributes = {
					220955CF279C5CBD00509B9C = {
						CreatedOnToolsVersion = 13.2.1;
					};
				};
			};
			buildConfigurationList = 220955CB279C5CBD00509B9C /* Build configuration list for PBXProject "AppLibros" */;
			compatibilityVersion = "Xcode 13.0";
			developmentRegion = en;
			hasScannedForEncodings = 0;
			knownRegions = (
				en,
				Base,
			);
			mainGroup = 220955C7279C5CBD00509B9C;
			productRefGroup = 220955D1279C5CBD00509B9C /* Products */;
			projectDirPath = "";
			projectRoot = "";
			targets = (
				220955CF279C5CBD00509B9C /* AppLibros */,
			);
		};
/* End PBXProject section */

/* Begin PBXResourcesBuildPhase section */
		220955CE279C5CBD00509B9C /* Resources */ = {
			isa = PBXResourcesBuildPhase;
			buildActionMask = 2147483647;
			files = (
				220955E0279C5CBF00509B9C /* LaunchScreen.storyboard in Resources */,
				220955DD279C5CBF00509B9C /* Assets.xcassets in Resources */,
				220955DB279C5CBE00509B9C /* Main.storyboard in Resources */,
			);
			runOnlyForDeploymentPostprocessing = 0;
		};
/* End PBXResourcesBuildPhase section */

/* Begin PBXSourcesBuildPhase section */
		220955CC279C5CBD00509B9C /* Sources */ = {
			isa = PBXSourcesBuildPhase;
			buildActionMask = 2147483647;
			files = (
				22D1DDA5279C99F300E39EE4 /* SignUpViewController.swift in Sources */,
				220955D8279C5CBE00509B9C /* ViewController.swift in Sources */,
				22E63BA6279CE41000344766 /* LibroTableViewCell.swift in Sources */,
				220955F0279C779400509B9C /* TextFieldView.swift in Sources */,
				220955D4279C5CBE00509B9C /* AppDelegate.swift in Sources */,
				220955D6279C5CBE00509B9C /* SceneDelegate.swift in Sources */,
				22E63BA0279CD32600344766 /* Objects.swift in Sources */,
				225C034F279F232800032583 /* AuthorViewController.swift in Sources */,
				22E63B9E279CB9A200344766 /* HomeViewController.swift in Sources */,
				220955E9279C65DB00509B9C /* Utils.swift in Sources */,
				22BA2CC0279DE3F300443313 /* DetailsViewController.swift in Sources */,
			);
			runOnlyForDeploymentPostprocessing = 0;
		};
/* End PBXSourcesBuildPhase section */

/* Begin PBXVariantGroup section */
		220955D9279C5CBE00509B9C /* Main.storyboard */ = {
			isa = PBXVariantGroup;
			children = (
				220955DA279C5CBE00509B9C /* Base */,
			);
			name = Main.storyboard;
			sourceTree = "<group>";
		};
		220955DE279C5CBF00509B9C /* LaunchScreen.storyboard */ = {
			isa = PBXVariantGroup;
			children = (
				220955DF279C5CBF00509B9C /* Base */,
			);
			name = LaunchScreen.storyboard;
			sourceTree = "<group>";
		};
/* End PBXVariantGroup section */

/* Begin XCBuildConfiguration section */
		220955E2279C5CBF00509B9C /* Debug */ = {
			isa = XCBuildConfiguration;
			buildSettings = {
				ALWAYS_SEARCH_USER_PATHS = NO;
				CLANG_ANALYZER_NONNULL = YES;
				CLANG_ANALYZER_NUMBER_OBJECT_CONVERSION = YES_AGGRESSIVE;
				CLANG_CXX_LANGUAGE_STANDARD = "gnu++17";
				CLANG_CXX_LIBRARY = "libc++";
				CLANG_ENABLE_MODULES = YES;
				CLANG_ENABLE_OBJC_ARC = YES;
				CLANG_ENABLE_OBJC_WEAK = YES;
				CLANG_WARN_BLOCK_CAPTURE_AUTORELEASING = YES;
				CLANG_WARN_BOOL_CONVERSION = YES;
				CLANG_WARN_COMMA = YES;
				CLANG_WARN_CONSTANT_CONVERSION = YES;
				CLANG_WARN_DEPRECATED_OBJC_IMPLEMENTATIONS = YES;
				CLANG_WARN_DIRECT_OBJC_ISA_USAGE = YES_ERROR;
				CLANG_WARN_DOCUMENTATION_COMMENTS = YES;
				CLANG_WARN_EMPTY_BODY = YES;
				CLANG_WARN_ENUM_CONVERSION = YES;
				CLANG_WARN_INFINITE_RECURSION = YES;
				CLANG_WARN_INT_CONVERSION = YES;
				CLANG_WARN_NON_LITERAL_NULL_CONVERSION = YES;
				CLANG_WARN_OBJC_IMPLICIT_RETAIN_SELF = YES;
				CLANG_WARN_OBJC_LITERAL_CONVERSION = YES;
				CLANG_WARN_OBJC_ROOT_CLASS = YES_ERROR;
				CLANG_WARN_QUOTED_INCLUDE_IN_FRAMEWORK_HEADER = YES;
				CLANG_WARN_RANGE_LOOP_ANALYSIS = YES;
				CLANG_WARN_STRICT_PROTOTYPES = YES;
				CLANG_WARN_SUSPICIOUS_MOVE = YES;
				CLANG_WARN_UNGUARDED_AVAILABILITY = YES_AGGRESSIVE;
				CLANG_WARN_UNREACHABLE_CODE = YES;
				CLANG_WARN__DUPLICATE_METHOD_MATCH = YES;
				COPY_PHASE_STRIP = NO;
				DEBUG_INFORMATION_FORMAT = dwarf;
				ENABLE_STRICT_OBJC_MSGSEND = YES;
				ENABLE_TESTABILITY = YES;
				GCC_C_LANGUAGE_STANDARD = gnu11;
				GCC_DYNAMIC_NO_PIC = NO;
				GCC_NO_COMMON_BLOCKS = YES;
				GCC_OPTIMIZATION_LEVEL = 0;
				GCC_PREPROCESSOR_DEFINITIONS = (
					"DEBUG=1",
					"$(inherited)",
				);
				GCC_WARN_64_TO_32_BIT_CONVERSION = YES;
				GCC_WARN_ABOUT_RETURN_TYPE = YES_ERROR;
				GCC_WARN_UNDECLARED_SELECTOR = YES;
				GCC_WARN_UNINITIALIZED_AUTOS = YES_AGGRESSIVE;
				GCC_WARN_UNUSED_FUNCTION = YES;
				GCC_WARN_UNUSED_VARIABLE = YES;
				IPHONEOS_DEPLOYMENT_TARGET = 15.2;
				MTL_ENABLE_DEBUG_INFO = INCLUDE_SOURCE;
				MTL_FAST_MATH = YES;
				ONLY_ACTIVE_ARCH = YES;
				SDKROOT = iphoneos;
				SWIFT_ACTIVE_COMPILATION_CONDITIONS = DEBUG;
				SWIFT_OPTIMIZATION_LEVEL = "-Onone";
			};
			name = Debug;
		};
		220955E3279C5CBF00509B9C /* Release */ = {
			isa = XCBuildConfiguration;
			buildSettings = {
				ALWAYS_SEARCH_USER_PATHS = NO;
				CLANG_ANALYZER_NONNULL = YES;
				CLANG_ANALYZER_NUMBER_OBJECT_CONVERSION = YES_AGGRESSIVE;
				CLANG_CXX_LANGUAGE_STANDARD = "gnu++17";
				CLANG_CXX_LIBRARY = "libc++";
				CLANG_ENABLE_MODULES = YES;
				CLANG_ENABLE_OBJC_ARC = YES;
				CLANG_ENABLE_OBJC_WEAK = YES;
				CLANG_WARN_BLOCK_CAPTURE_AUTORELEASING = YES;
				CLANG_WARN_BOOL_CONVERSION = YES;
				CLANG_WARN_COMMA = YES;
				CLANG_WARN_CONSTANT_CONVERSION = YES;
				CLANG_WARN_DEPRECATED_OBJC_IMPLEMENTATIONS = YES;
				CLANG_WARN_DIRECT_OBJC_ISA_USAGE = YES_ERROR;
				CLANG_WARN_DOCUMENTATION_COMMENTS = YES;
				CLANG_WARN_EMPTY_BODY = YES;
				CLANG_WARN_ENUM_CONVERSION = YES;
				CLANG_WARN_INFINITE_RECURSION = YES;
				CLANG_WARN_INT_CONVERSION = YES;
				CLANG_WARN_NON_LITERAL_NULL_CONVERSION = YES;
				CLANG_WARN_OBJC_IMPLICIT_RETAIN_SELF = YES;
				CLANG_WARN_OBJC_LITERAL_CONVERSION = YES;
				CLANG_WARN_OBJC_ROOT_CLASS = YES_ERROR;
				CLANG_WARN_QUOTED_INCLUDE_IN_FRAMEWORK_HEADER = YES;
				CLANG_WARN_RANGE_LOOP_ANALYSIS = YES;
				CLANG_WARN_STRICT_PROTOTYPES = YES;
				CLANG_WARN_SUSPICIOUS_MOVE = YES;
				CLANG_WARN_UNGUARDED_AVAILABILITY = YES_AGGRESSIVE;
				CLANG_WARN_UNREACHABLE_CODE = YES;
				CLANG_WARN__DUPLICATE_METHOD_MATCH = YES;
				COPY_PHASE_STRIP = NO;
				DEBUG_INFORMATION_FORMAT = "dwarf-with-dsym";
				ENABLE_NS_ASSERTIONS = NO;
				ENABLE_STRICT_OBJC_MSGSEND = YES;
				GCC_C_LANGUAGE_STANDARD = gnu11;
				GCC_NO_COMMON_BLOCKS = YES;
				GCC_WARN_64_TO_32_BIT_CONVERSION = YES;
				GCC_WARN_ABOUT_RETURN_TYPE = YES_ERROR;
				GCC_WARN_UNDECLARED_SELECTOR = YES;
				GCC_WARN_UNINITIALIZED_AUTOS = YES_AGGRESSIVE;
				GCC_WARN_UNUSED_FUNCTION = YES;
				GCC_WARN_UNUSED_VARIABLE = YES;
				IPHONEOS_DEPLOYMENT_TARGET = 15.2;
				MTL_ENABLE_DEBUG_INFO = NO;
				MTL_FAST_MATH = YES;
				SDKROOT = iphoneos;
				SWIFT_COMPILATION_MODE = wholemodule;
				SWIFT_OPTIMIZATION_LEVEL = "-O";
				VALIDATE_PRODUCT = YES;
			};
			name = Release;
		};
		220955E5279C5CBF00509B9C /* Debug */ = {
			isa = XCBuildConfiguration;
			buildSettings = {
				ASSETCATALOG_COMPILER_APPICON_NAME = AppIcon;
				ASSETCATALOG_COMPILER_GLOBAL_ACCENT_COLOR_NAME = AccentColor;
				CODE_SIGN_STYLE = Automatic;
				CURRENT_PROJECT_VERSION = 1;
				DEVELOPMENT_TEAM = 89XC66YQUP;
				GENERATE_INFOPLIST_FILE = YES;
				INFOPLIST_FILE = AppLibros/Info.plist;
				INFOPLIST_KEY_UIApplicationSupportsIndirectInputEvents = YES;
				INFOPLIST_KEY_UILaunchStoryboardName = LaunchScreen;
				INFOPLIST_KEY_UIMainStoryboardFile = Main;
				INFOPLIST_KEY_UISupportedInterfaceOrientations_iPad = "UIInterfaceOrientationPortrait UIInterfaceOrientationPortraitUpsideDown UIInterfaceOrientationLandscapeLeft UIInterfaceOrientationLandscapeRight";
				INFOPLIST_KEY_UISupportedInterfaceOrientations_iPhone = "UIInterfaceOrientationPortrait UIInterfaceOrientationLandscapeLeft UIInterfaceOrientationLandscapeRight";
				LD_RUNPATH_SEARCH_PATHS = (
					"$(inherited)",
					"@executable_path/Frameworks",
				);
				MARKETING_VERSION = 1.0;
				PRODUCT_BUNDLE_IDENTIFIER = jesus.AppLibros;
				PRODUCT_NAME = "$(TARGET_NAME)";
				SWIFT_EMIT_LOC_STRINGS = YES;
				SWIFT_VERSION = 5.0;
				TARGETED_DEVICE_FAMILY = "1,2";
			};
			name = Debug;
		};
		220955E6279C5CBF00509B9C /* Release */ = {
			isa = XCBuildConfiguration;
			buildSettings = {
				ASSETCATALOG_COMPILER_APPICON_NAME = AppIcon;
				ASSETCATALOG_COMPILER_GLOBAL_ACCENT_COLOR_NAME = AccentColor;
				CODE_SIGN_STYLE = Automatic;
				CURRENT_PROJECT_VERSION = 1;
				DEVELOPMENT_TEAM = 89XC66YQUP;
				GENERATE_INFOPLIST_FILE = YES;
				INFOPLIST_FILE = AppLibros/Info.plist;
				INFOPLIST_KEY_UIApplicationSupportsIndirectInputEvents = YES;
				INFOPLIST_KEY_UILaunchStoryboardName = LaunchScreen;
				INFOPLIST_KEY_UIMainStoryboardFile = Main;
				INFOPLIST_KEY_UISupportedInterfaceOrientations_iPad = "UIInterfaceOrientationPortrait UIInterfaceOrientationPortraitUpsideDown UIInterfaceOrientationLandscapeLeft UIInterfaceOrientationLandscapeRight";
				INFOPLIST_KEY_UISupportedInterfaceOrientations_iPhone = "UIInterfaceOrientationPortrait UIInterfaceOrientationLandscapeLeft UIInterfaceOrientationLandscapeRight";
				LD_RUNPATH_SEARCH_PATHS = (
					"$(inherited)",
					"@executable_path/Frameworks",
				);
				MARKETING_VERSION = 1.0;
				PRODUCT_BUNDLE_IDENTIFIER = jesus.AppLibros;
				PRODUCT_NAME = "$(TARGET_NAME)";
				SWIFT_EMIT_LOC_STRINGS = YES;
				SWIFT_VERSION = 5.0;
				TARGETED_DEVICE_FAMILY = "1,2";
			};
			name = Release;
		};
/* End XCBuildConfiguration section */

/* Begin XCConfigurationList section */
		220955CB279C5CBD00509B9C /* Build configuration list for PBXProject "AppLibros" */ = {
			isa = XCConfigurationList;
			buildConfigurations = (
				220955E2279C5CBF00509B9C /* Debug */,
				220955E3279C5CBF00509B9C /* Release */,
			);
			defaultConfigurationIsVisible = 0;
			defaultConfigurationName = Release;
		};
		220955E4279C5CBF00509B9C /* Build configuration list for PBXNativeTarget "AppLibros" */ = {
			isa = XCConfigurationList;
			buildConfigurations = (
				220955E5279C5CBF00509B9C /* Debug */,
				220955E6279C5CBF00509B9C /* Release */,
			);
			defaultConfigurationIsVisible = 0;
			defaultConfigurationName = Release;
		};
/* End XCConfigurationList section */
	};
	rootObject = 220955C8279C5CBD00509B9C /* Project object */;
}
